// !$*UTF8*$!
{
	archiveVersion = 1;
	classes = {
	};
	objectVersion = 56;
	objects = {

/* Begin PBXBuildFile section */
		729BFB1B2BBB09AE004D5A17 /* AppDelegate.swift in Sources */ = {isa = PBXBuildFile; fileRef = 729BFB1A2BBB09AE004D5A17 /* AppDelegate.swift */; };
		729BFB1D2BBB09AE004D5A17 /* SceneDelegate.swift in Sources */ = {isa = PBXBuildFile; fileRef = 729BFB1C2BBB09AE004D5A17 /* SceneDelegate.swift */; };
		729BFB242BBB09B0004D5A17 /* Assets.xcassets in Resources */ = {isa = PBXBuildFile; fileRef = 729BFB232BBB09B0004D5A17 /* Assets.xcassets */; };
		729BFB272BBB09B0004D5A17 /* Base in Resources */ = {isa = PBXBuildFile; fileRef = 729BFB262BBB09B0004D5A17 /* Base */; };
		729BFB3A2BBB0D43004D5A17 /* ControllerViewController.swift in Sources */ = {isa = PBXBuildFile; fileRef = 729BFB392BBB0D43004D5A17 /* ControllerViewController.swift */; };
		729BFB3C2BBB0FC8004D5A17 /* Model.swift in Sources */ = {isa = PBXBuildFile; fileRef = 729BFB3B2BBB0FC8004D5A17 /* Model.swift */; };
		729BFB3E2BBB0FEA004D5A17 /* ModelWithData.swift in Sources */ = {isa = PBXBuildFile; fileRef = 729BFB3D2BBB0FEA004D5A17 /* ModelWithData.swift */; };
		729BFB402BBB10BB004D5A17 /* SettingTableViewCell.swift in Sources */ = {isa = PBXBuildFile; fileRef = 729BFB3F2BBB10BB004D5A17 /* SettingTableViewCell.swift */; };
		729BFB422BBB112C004D5A17 /* DetailViewController.swift in Sources */ = {isa = PBXBuildFile; fileRef = 729BFB412BBB112C004D5A17 /* DetailViewController.swift */; };
		729BFB442BBB1174004D5A17 /* MainView.swift in Sources */ = {isa = PBXBuildFile; fileRef = 729BFB432BBB1174004D5A17 /* MainView.swift */; };
/* End PBXBuildFile section */

/* Begin PBXFileReference section */
		729BFB172BBB09AE004D5A17 /* IOS12-HW15.app */ = {isa = PBXFileReference; explicitFileType = wrapper.application; includeInIndex = 0; path = "IOS12-HW15.app"; sourceTree = BUILT_PRODUCTS_DIR; };
		729BFB1A2BBB09AE004D5A17 /* AppDelegate.swift */ = {isa = PBXFileReference; lastKnownFileType = sourcecode.swift; path = AppDelegate.swift; sourceTree = "<group>"; };
		729BFB1C2BBB09AE004D5A17 /* SceneDelegate.swift */ = {isa = PBXFileReference; lastKnownFileType = sourcecode.swift; path = SceneDelegate.swift; sourceTree = "<group>"; };
		729BFB232BBB09B0004D5A17 /* Assets.xcassets */ = {isa = PBXFileReference; lastKnownFileType = folder.assetcatalog; path = Assets.xcassets; sourceTree = "<group>"; };
		729BFB262BBB09B0004D5A17 /* Base */ = {isa = PBXFileReference; lastKnownFileType = file.storyboard; name = Base; path = Base.lproj/LaunchScreen.storyboard; sourceTree = "<group>"; };
		729BFB282BBB09B0004D5A17 /* Info.plist */ = {isa = PBXFileReference; lastKnownFileType = text.plist.xml; path = Info.plist; sourceTree = "<group>"; };
		729BFB392BBB0D43004D5A17 /* ControllerViewController.swift */ = {isa = PBXFileReference; fileEncoding = 4; lastKnownFileType = sourcecode.swift; name = ControllerViewController.swift; path = ../../../../../HomeWork13/HomeWork13/Sources/Scenes/Controler/ControllerViewController.swift; sourceTree = "<group>"; };
		729BFB3B2BBB0FC8004D5A17 /* Model.swift */ = {isa = PBXFileReference; lastKnownFileType = sourcecode.swift; path = Model.swift; sourceTree = "<group>"; };
		729BFB3D2BBB0FEA004D5A17 /* ModelWithData.swift */ = {isa = PBXFileReference; lastKnownFileType = sourcecode.swift; path = ModelWithData.swift; sourceTree = "<group>"; };
		729BFB3F2BBB10BB004D5A17 /* SettingTableViewCell.swift */ = {isa = PBXFileReference; lastKnownFileType = sourcecode.swift; path = SettingTableViewCell.swift; sourceTree = "<group>"; };
		729BFB412BBB112C004D5A17 /* DetailViewController.swift */ = {isa = PBXFileReference; lastKnownFileType = sourcecode.swift; path = DetailViewController.swift; sourceTree = "<group>"; };
		729BFB432BBB1174004D5A17 /* MainView.swift */ = {isa = PBXFileReference; lastKnownFileType = sourcecode.swift; path = MainView.swift; sourceTree = "<group>"; };
/* End PBXFileReference section */

/* Begin PBXFrameworksBuildPhase section */
		729BFB142BBB09AE004D5A17 /* Frameworks */ = {
			isa = PBXFrameworksBuildPhase;
			buildActionMask = 2147483647;
			files = (
			);
			runOnlyForDeploymentPostprocessing = 0;
		};
/* End PBXFrameworksBuildPhase section */

/* Begin PBXGroup section */
		729BFB0E2BBB09AE004D5A17 = {
			isa = PBXGroup;
			children = (
				729BFB192BBB09AE004D5A17 /* IOS12-HW15 */,
				729BFB182BBB09AE004D5A17 /* Products */,
			);
			sourceTree = "<group>";
		};
		729BFB182BBB09AE004D5A17 /* Products */ = {
			isa = PBXGroup;
			children = (
				729BFB172BBB09AE004D5A17 /* IOS12-HW15.app */,
			);
			name = Products;
			sourceTree = "<group>";
		};
		729BFB192BBB09AE004D5A17 /* IOS12-HW15 */ = {
			isa = PBXGroup;
			children = (
				729BFB312BBB0C03004D5A17 /* Resources */,
				729BFB342BBB0C7B004D5A17 /* Sources */,
				729BFB2F2BBB0BCA004D5A17 /* Storyboard */,
			);
			path = "IOS12-HW15";
			sourceTree = "<group>";
		};
		729BFB2E2BBB0BB5004D5A17 /* App */ = {
			isa = PBXGroup;
			children = (
				729BFB1A2BBB09AE004D5A17 /* AppDelegate.swift */,
				729BFB1C2BBB09AE004D5A17 /* SceneDelegate.swift */,
			);
			path = App;
			sourceTree = "<group>";
		};
		729BFB2F2BBB0BCA004D5A17 /* Storyboard */ = {
			isa = PBXGroup;
			children = (
				729BFB252BBB09B0004D5A17 /* LaunchScreen.storyboard */,
			);
			path = Storyboard;
			sourceTree = "<group>";
		};
		729BFB302BBB0BEF004D5A17 /* Configuration */ = {
			isa = PBXGroup;
			children = (
				729BFB232BBB09B0004D5A17 /* Assets.xcassets */,
				729BFB282BBB09B0004D5A17 /* Info.plist */,
			);
			path = Configuration;
			sourceTree = "<group>";
		};
		729BFB312BBB0C03004D5A17 /* Resources */ = {
			isa = PBXGroup;
			children = (
				729BFB302BBB0BEF004D5A17 /* Configuration */,
			);
			path = Resources;
			sourceTree = "<group>";
		};
		729BFB342BBB0C7B004D5A17 /* Sources */ = {
			isa = PBXGroup;
			children = (
				729BFB352BBB0C9F004D5A17 /* Scenes */,
				729BFB2E2BBB0BB5004D5A17 /* App */,
			);
			path = Sources;
			sourceTree = "<group>";
		};
		729BFB352BBB0C9F004D5A17 /* Scenes */ = {
			isa = PBXGroup;
			children = (
				729BFB382BBB0CD5004D5A17 /* Model */,
				729BFB372BBB0CCE004D5A17 /* View */,
				729BFB362BBB0CC1004D5A17 /* Controller */,
			);
			path = Scenes;
			sourceTree = "<group>";
		};
		729BFB362BBB0CC1004D5A17 /* Controller */ = {
			isa = PBXGroup;
			children = (
				729BFB392BBB0D43004D5A17 /* ControllerViewController.swift */,
			);
			path = Controller;
			sourceTree = "<group>";
		};
		729BFB372BBB0CCE004D5A17 /* View */ = {
			isa = PBXGroup;
			children = (
				729BFB432BBB1174004D5A17 /* MainView.swift */,
				729BFB3F2BBB10BB004D5A17 /* SettingTableViewCell.swift */,
				729BFB412BBB112C004D5A17 /* DetailViewController.swift */,
			);
			path = View;
			sourceTree = "<group>";
		};
		729BFB382BBB0CD5004D5A17 /* Model */ = {
			isa = PBXGroup;
			children = (
				729BFB3B2BBB0FC8004D5A17 /* Model.swift */,
				729BFB3D2BBB0FEA004D5A17 /* ModelWithData.swift */,
			);
			path = Model;
			sourceTree = "<group>";
		};
/* End PBXGroup section */

/* Begin PBXNativeTarget section */
		729BFB162BBB09AE004D5A17 /* IOS12-HW15 */ = {
			isa = PBXNativeTarget;
			buildConfigurationList = 729BFB2B2BBB09B0004D5A17 /* Build configuration list for PBXNativeTarget "IOS12-HW15" */;
			buildPhases = (
				729BFB132BBB09AE004D5A17 /* Sources */,
				729BFB142BBB09AE004D5A17 /* Frameworks */,
				729BFB152BBB09AE004D5A17 /* Resources */,
			);
			buildRules = (
			);
			dependencies = (
			);
			name = "IOS12-HW15";
			productName = "IOS12-HW15";
			productReference = 729BFB172BBB09AE004D5A17 /* IOS12-HW15.app */;
			productType = "com.apple.product-type.application";
		};
/* End PBXNativeTarget section */

/* Begin PBXProject section */
		729BFB0F2BBB09AE004D5A17 /* Project object */ = {
			isa = PBXProject;
			attributes = {
				BuildIndependentTargetsInParallel = 1;
				LastSwiftUpdateCheck = 1530;
				LastUpgradeCheck = 1530;
				TargetAttributes = {
					729BFB162BBB09AE004D5A17 = {
						CreatedOnToolsVersion = 15.3;
					};
				};
			};
			buildConfigurationList = 729BFB122BBB09AE004D5A17 /* Build configuration list for PBXProject "IOS12-HW15" */;
			compatibilityVersion = "Xcode 14.0";
			developmentRegion = en;
			hasScannedForEncodings = 0;
			knownRegions = (
				en,
				Base,
			);
			mainGroup = 729BFB0E2BBB09AE004D5A17;
			productRefGroup = 729BFB182BBB09AE004D5A17 /* Products */;
			projectDirPath = "";
			projectRoot = "";
			targets = (
				729BFB162BBB09AE004D5A17 /* IOS12-HW15 */,
			);
		};
/* End PBXProject section */

/* Begin PBXResourcesBuildPhase section */
		729BFB152BBB09AE004D5A17 /* Resources */ = {
			isa = PBXResourcesBuildPhase;
			buildActionMask = 2147483647;
			files = (
				729BFB242BBB09B0004D5A17 /* Assets.xcassets in Resources */,
				729BFB272BBB09B0004D5A17 /* Base in Resources */,
			);
			runOnlyForDeploymentPostprocessing = 0;
		};
/* End PBXResourcesBuildPhase section */

/* Begin PBXSourcesBuildPhase section */
		729BFB132BBB09AE004D5A17 /* Sources */ = {
			isa = PBXSourcesBuildPhase;
			buildActionMask = 2147483647;
			files = (
				729BFB402BBB10BB004D5A17 /* SettingTableViewCell.swift in Sources */,
				729BFB442BBB1174004D5A17 /* MainView.swift in Sources */,
				729BFB1B2BBB09AE004D5A17 /* AppDelegate.swift in Sources */,
				729BFB3A2BBB0D43004D5A17 /* ControllerViewController.swift in Sources */,
				729BFB1D2BBB09AE004D5A17 /* SceneDelegate.swift in Sources */,
				729BFB3E2BBB0FEA004D5A17 /* ModelWithData.swift in Sources */,
				729BFB3C2BBB0FC8004D5A17 /* Model.swift in Sources */,
				729BFB422BBB112C004D5A17 /* DetailViewController.swift in Sources */,
			);
			runOnlyForDeploymentPostprocessing = 0;
		};
/* End PBXSourcesBuildPhase section */

/* Begin PBXVariantGroup section */
		729BFB252BBB09B0004D5A17 /* LaunchScreen.storyboard */ = {
			isa = PBXVariantGroup;
			children = (
				729BFB262BBB09B0004D5A17 /* Base */,
			);
			name = LaunchScreen.storyboard;
			sourceTree = "<group>";
		};
/* End PBXVariantGroup section */

/* Begin XCBuildConfiguration section */
		729BFB292BBB09B0004D5A17 /* Debug */ = {
			isa = XCBuildConfiguration;
			buildSettings = {
				ALWAYS_SEARCH_USER_PATHS = NO;
				ASSETCATALOG_COMPILER_GENERATE_SWIFT_ASSET_SYMBOL_EXTENSIONS = YES;
				CLANG_ANALYZER_NONNULL = YES;
				CLANG_ANALYZER_NUMBER_OBJECT_CONVERSION = YES_AGGRESSIVE;
				CLANG_CXX_LANGUAGE_STANDARD = "gnu++20";
				CLANG_ENABLE_MODULES = YES;
				CLANG_ENABLE_OBJC_ARC = YES;
				CLANG_ENABLE_OBJC_WEAK = YES;
				CLANG_WARN_BLOCK_CAPTURE_AUTORELEASING = YES;
				CLANG_WARN_BOOL_CONVERSION = YES;
				CLANG_WARN_COMMA = YES;
				CLANG_WARN_CONSTANT_CONVERSION = YES;
				CLANG_WARN_DEPRECATED_OBJC_IMPLEMENTATIONS = YES;
				CLANG_WARN_DIRECT_OBJC_ISA_USAGE = YES_ERROR;
				CLANG_WARN_DOCUMENTATION_COMMENTS = YES;
				CLANG_WARN_EMPTY_BODY = YES;
				CLANG_WARN_ENUM_CONVERSION = YES;
				CLANG_WARN_INFINITE_RECURSION = YES;
				CLANG_WARN_INT_CONVERSION = YES;
				CLANG_WARN_NON_LITERAL_NULL_CONVERSION = YES;
				CLANG_WARN_OBJC_IMPLICIT_RETAIN_SELF = YES;
				CLANG_WARN_OBJC_LITERAL_CONVERSION = YES;
				CLANG_WARN_OBJC_ROOT_CLASS = YES_ERROR;
				CLANG_WARN_QUOTED_INCLUDE_IN_FRAMEWORK_HEADER = YES;
				CLANG_WARN_RANGE_LOOP_ANALYSIS = YES;
				CLANG_WARN_STRICT_PROTOTYPES = YES;
				CLANG_WARN_SUSPICIOUS_MOVE = YES;
				CLANG_WARN_UNGUARDED_AVAILABILITY = YES_AGGRESSIVE;
				CLANG_WARN_UNREACHABLE_CODE = YES;
				CLANG_WARN__DUPLICATE_METHOD_MATCH = YES;
				COPY_PHASE_STRIP = NO;
				DEBUG_INFORMATION_FORMAT = dwarf;
				ENABLE_STRICT_OBJC_MSGSEND = YES;
				ENABLE_TESTABILITY = YES;
				ENABLE_USER_SCRIPT_SANDBOXING = YES;
				GCC_C_LANGUAGE_STANDARD = gnu17;
				GCC_DYNAMIC_NO_PIC = NO;
				GCC_NO_COMMON_BLOCKS = YES;
				GCC_OPTIMIZATION_LEVEL = 0;
				GCC_PREPROCESSOR_DEFINITIONS = (
					"DEBUG=1",
					"$(inherited)",
				);
				GCC_WARN_64_TO_32_BIT_CONVERSION = YES;
				GCC_WARN_ABOUT_RETURN_TYPE = YES_ERROR;
				GCC_WARN_UNDECLARED_SELECTOR = YES;
				GCC_WARN_UNINITIALIZED_AUTOS = YES_AGGRESSIVE;
				GCC_WARN_UNUSED_FUNCTION = YES;
				GCC_WARN_UNUSED_VARIABLE = YES;
				IPHONEOS_DEPLOYMENT_TARGET = 17.4;
				LOCALIZATION_PREFERS_STRING_CATALOGS = YES;
				MTL_ENABLE_DEBUG_INFO = INCLUDE_SOURCE;
				MTL_FAST_MATH = YES;
				ONLY_ACTIVE_ARCH = YES;
				SDKROOT = iphoneos;
				SWIFT_ACTIVE_COMPILATION_CONDITIONS = "DEBUG $(inherited)";
				SWIFT_OPTIMIZATION_LEVEL = "-Onone";
			};
			name = Debug;
		};
		729BFB2A2BBB09B0004D5A17 /* Release */ = {
			isa = XCBuildConfiguration;
			buildSettings = {
				ALWAYS_SEARCH_USER_PATHS = NO;
				ASSETCATALOG_COMPILER_GENERATE_SWIFT_ASSET_SYMBOL_EXTENSIONS = YES;
				CLANG_ANALYZER_NONNULL = YES;
				CLANG_ANALYZER_NUMBER_OBJECT_CONVERSION = YES_AGGRESSIVE;
				CLANG_CXX_LANGUAGE_STANDARD = "gnu++20";
				CLANG_ENABLE_MODULES = YES;
				CLANG_ENABLE_OBJC_ARC = YES;
				CLANG_ENABLE_OBJC_WEAK = YES;
				CLANG_WARN_BLOCK_CAPTURE_AUTORELEASING = YES;
				CLANG_WARN_BOOL_CONVERSION = YES;
				CLANG_WARN_COMMA = YES;
				CLANG_WARN_CONSTANT_CONVERSION = YES;
				CLANG_WARN_DEPRECATED_OBJC_IMPLEMENTATIONS = YES;
				CLANG_WARN_DIRECT_OBJC_ISA_USAGE = YES_ERROR;
				CLANG_WARN_DOCUMENTATION_COMMENTS = YES;
				CLANG_WARN_EMPTY_BODY = YES;
				CLANG_WARN_ENUM_CONVERSION = YES;
				CLANG_WARN_INFINITE_RECURSION = YES;
				CLANG_WARN_INT_CONVERSION = YES;
				CLANG_WARN_NON_LITERAL_NULL_CONVERSION = YES;
				CLANG_WARN_OBJC_IMPLICIT_RETAIN_SELF = YES;
				CLANG_WARN_OBJC_LITERAL_CONVERSION = YES;
				CLANG_WARN_OBJC_ROOT_CLASS = YES_ERROR;
				CLANG_WARN_QUOTED_INCLUDE_IN_FRAMEWORK_HEADER = YES;
				CLANG_WARN_RANGE_LOOP_ANALYSIS = YES;
				CLANG_WARN_STRICT_PROTOTYPES = YES;
				CLANG_WARN_SUSPICIOUS_MOVE = YES;
				CLANG_WARN_UNGUARDED_AVAILABILITY = YES_AGGRESSIVE;
				CLANG_WARN_UNREACHABLE_CODE = YES;
				CLANG_WARN__DUPLICATE_METHOD_MATCH = YES;
				COPY_PHASE_STRIP = NO;
				DEBUG_INFORMATION_FORMAT = "dwarf-with-dsym";
				ENABLE_NS_ASSERTIONS = NO;
				ENABLE_STRICT_OBJC_MSGSEND = YES;
				ENABLE_USER_SCRIPT_SANDBOXING = YES;
				GCC_C_LANGUAGE_STANDARD = gnu17;
				GCC_NO_COMMON_BLOCKS = YES;
				GCC_WARN_64_TO_32_BIT_CONVERSION = YES;
				GCC_WARN_ABOUT_RETURN_TYPE = YES_ERROR;
				GCC_WARN_UNDECLARED_SELECTOR = YES;
				GCC_WARN_UNINITIALIZED_AUTOS = YES_AGGRESSIVE;
				GCC_WARN_UNUSED_FUNCTION = YES;
				GCC_WARN_UNUSED_VARIABLE = YES;
				IPHONEOS_DEPLOYMENT_TARGET = 17.4;
				LOCALIZATION_PREFERS_STRING_CATALOGS = YES;
				MTL_ENABLE_DEBUG_INFO = NO;
				MTL_FAST_MATH = YES;
				SDKROOT = iphoneos;
				SWIFT_COMPILATION_MODE = wholemodule;
				VALIDATE_PRODUCT = YES;
			};
			name = Release;
		};
		729BFB2C2BBB09B0004D5A17 /* Debug */ = {
			isa = XCBuildConfiguration;
			buildSettings = {
				ASSETCATALOG_COMPILER_APPICON_NAME = AppIcon;
				ASSETCATALOG_COMPILER_GLOBAL_ACCENT_COLOR_NAME = AccentColor;
				CODE_SIGN_STYLE = Automatic;
				CURRENT_PROJECT_VERSION = 1;
				DEVELOPMENT_TEAM = J275FK8G55;
				GENERATE_INFOPLIST_FILE = YES;
				INFOPLIST_FILE = "IOS12-HW15/Resources/Configuration/Info.plist";
				INFOPLIST_KEY_UIApplicationSupportsIndirectInputEvents = YES;
				INFOPLIST_KEY_UILaunchStoryboardName = LaunchScreen;
				INFOPLIST_KEY_UISupportedInterfaceOrientations_iPad = "UIInterfaceOrientationPortrait UIInterfaceOrientationPortraitUpsideDown UIInterfaceOrientationLandscapeLeft UIInterfaceOrientationLandscapeRight";
				INFOPLIST_KEY_UISupportedInterfaceOrientations_iPhone = "UIInterfaceOrientationPortrait UIInterfaceOrientationLandscapeLeft UIInterfaceOrientationLandscapeRight";
				LD_RUNPATH_SEARCH_PATHS = (
					"$(inherited)",
					"@executable_path/Frameworks",
				);
				MARKETING_VERSION = 1.0;
				PRODUCT_BUNDLE_IDENTIFIER = "com.my.IOS12-HW15";
				PRODUCT_NAME = "$(TARGET_NAME)";
				SWIFT_EMIT_LOC_STRINGS = YES;
				SWIFT_VERSION = 5.0;
				TARGETED_DEVICE_FAMILY = "1,2";
			};
			name = Debug;
		};
		729BFB2D2BBB09B0004D5A17 /* Release */ = {
			isa = XCBuildConfiguration;
			buildSettings = {
				ASSETCATALOG_COMPILER_APPICON_NAME = AppIcon;
				ASSETCATALOG_COMPILER_GLOBAL_ACCENT_COLOR_NAME = AccentColor;
				CODE_SIGN_STYLE = Automatic;
				CURRENT_PROJECT_VERSION = 1;
				DEVELOPMENT_TEAM = J275FK8G55;
				GENERATE_INFOPLIST_FILE = YES;
				INFOPLIST_FILE = "IOS12-HW15/Resources/Configuration/Info.plist";
				INFOPLIST_KEY_UIApplicationSupportsIndirectInputEvents = YES;
				INFOPLIST_KEY_UILaunchStoryboardName = LaunchScreen;
				INFOPLIST_KEY_UISupportedInterfaceOrientations_iPad = "UIInterfaceOrientationPortrait UIInterfaceOrientationPortraitUpsideDown UIInterfaceOrientationLandscapeLeft UIInterfaceOrientationLandscapeRight";
				INFOPLIST_KEY_UISupportedInterfaceOrientations_iPhone = "UIInterfaceOrientationPortrait UIInterfaceOrientationLandscapeLeft UIInterfaceOrientationLandscapeRight";
				LD_RUNPATH_SEARCH_PATHS = (
					"$(inherited)",
					"@executable_path/Frameworks",
				);
				MARKETING_VERSION = 1.0;
				PRODUCT_BUNDLE_IDENTIFIER = "com.my.IOS12-HW15";
				PRODUCT_NAME = "$(TARGET_NAME)";
				SWIFT_EMIT_LOC_STRINGS = YES;
				SWIFT_VERSION = 5.0;
				TARGETED_DEVICE_FAMILY = "1,2";
			};
			name = Release;
		};
/* End XCBuildConfiguration section */

/* Begin XCConfigurationList section */
		729BFB122BBB09AE004D5A17 /* Build configuration list for PBXProject "IOS12-HW15" */ = {
			isa = XCConfigurationList;
			buildConfigurations = (
				729BFB292BBB09B0004D5A17 /* Debug */,
				729BFB2A2BBB09B0004D5A17 /* Release */,
			);
			defaultConfigurationIsVisible = 0;
			defaultConfigurationName = Release;
		};
		729BFB2B2BBB09B0004D5A17 /* Build configuration list for PBXNativeTarget "IOS12-HW15" */ = {
			isa = XCConfigurationList;
			buildConfigurations = (
				729BFB2C2BBB09B0004D5A17 /* Debug */,
				729BFB2D2BBB09B0004D5A17 /* Release */,
			);
			defaultConfigurationIsVisible = 0;
			defaultConfigurationName = Release;
		};
/* End XCConfigurationList section */
	};
	rootObject = 729BFB0F2BBB09AE004D5A17 /* Project object */;
}
